
Microsoft Visual Studio Solution File, Format Version 12.00
# Visual Studio Version 16
VisualStudioVersion = 16.0.30517.126
MinimumVisualStudioVersion = 10.0.40219.1
Project("{888888A0-9F3D-457C-B088-3A5042F75D52}") = "THermoLib2", "THermoLib2\THermoLib2.pyproj", "{C6926317-2452-4A4C-9D73-C46BA2AFD245}"
EndProject
Global
	GlobalSection(SolutionConfigurationPlatforms) = preSolution
		Debug|Any CPU = Debug|Any CPU
		Release|Any CPU = Release|Any CPU
	EndGlobalSection
	GlobalSection(ProjectConfigurationPlatforms) = postSolution
		{C6926317-2452-4A4C-9D73-C46BA2AFD245}.Debug|Any CPU.ActiveCfg = Debug|Any CPU
		{C6926317-2452-4A4C-9D73-C46BA2AFD245}.Release|Any CPU.ActiveCfg = Release|Any CPU
	EndGlobalSection
	GlobalSection(SolutionProperties) = preSolution
		HideSolutionNode = FALSE
	EndGlobalSection
	GlobalSection(ExtensibilityGlobals) = postSolution
		SolutionGuid = {5C564658-8196-4C6D-8C5B-C7D8038198B1}
	EndGlobalSection
EndGlobal
